
Microsoft Visual Studio Solution File, Format Version 12.00
# Visual Studio Version 17
VisualStudioVersion = 17.1.32228.430
MinimumVisualStudioVersion = 10.0.40219.1
Project("{FAE04EC0-301F-11D3-BF4B-00C04F79EFBC}") = "ConsoleApp1", "ConsoleApp1\ConsoleApp1.csproj", "{2A13A553-1A5D-4C58-9A4E-6D2C841742EA}"
EndProject
Global
	GlobalSection(SolutionConfigurationPlatforms) = preSolution
		Debug|Any CPU = Debug|Any CPU
		Release|Any CPU = Release|Any CPU
	EndGlobalSection
	GlobalSection(ProjectConfigurationPlatforms) = postSolution
		{2A13A553-1A5D-4C58-9A4E-6D2C841742EA}.Debug|Any CPU.ActiveCfg = Debug|Any CPU
		{2A13A553-1A5D-4C58-9A4E-6D2C841742EA}.Debug|Any CPU.Build.0 = Debug|Any CPU
		{2A13A553-1A5D-4C58-9A4E-6D2C841742EA}.Release|Any CPU.ActiveCfg = Release|Any CPU
		{2A13A553-1A5D-4C58-9A4E-6D2C841742EA}.Release|Any CPU.Build.0 = Release|Any CPU
	EndGlobalSection
	GlobalSection(SolutionProperties) = preSolution
		HideSolutionNode = FALSE
	EndGlobalSection
	GlobalSection(ExtensibilityGlobals) = postSolution
		SolutionGuid = {3A45DC65-1062-4058-9B6D-97E79F43EEB8}
	EndGlobalSection
EndGlobal
